PODS:
  - ZBWQRCodeScanner (0.0.16):
    - ZXingObjC (>= 3.6.9)
  - ZXingObjC (3.6.9):
    - ZXingObjC/All (= 3.6.9)
  - ZXingObjC/All (3.6.9)

DEPENDENCIES:
  - ZBWQRCodeScanner (from `../QRCodeScanner/`)

SPEC REPOS:
  https://github.com/CocoaPods/Specs.git:
    - ZXingObjC

EXTERNAL SOURCES:
  ZBWQRCodeScanner:
    :path: "../QRCodeScanner/"

SPEC CHECKSUMS:
  ZBWQRCodeScanner: 5a5cb52e06ddb730110982f9f8abecdd7ea00810
  ZXingObjC: 8898711ab495761b2dbbdec76d90164a6d7e14c5

PODFILE CHECKSUM: cca66ca60b9b419ee5a40d04a930ff7064d0c699

COCOAPODS: 1.15.0
